
Microsoft Visual Studio Solution File, Format Version 12.00
# Visual Studio 14
VisualStudioVersion = 14.0.22823.1
MinimumVisualStudioVersion = 10.0.40219.1
Project("{FAE04EC0-301F-11D3-BF4B-00C04F79EFBC}") = "Korean Annie", "KoreanAnnie\Korean Annie.csproj", "{C7FB967D-C6A2-424B-9010-869FC37A9A48}"
EndProject
Project("{FAE04EC0-301F-11D3-BF4B-00C04F79EFBC}") = "Korean Common", "KoreanCommon\Korean Common.csproj", "{C95719D6-FB10-472E-BD9C-47E2CF5CFB66}"
EndProject
Project("{FAE04EC0-301F-11D3-BF4B-00C04F79EFBC}") = "Korean Rumble", "Korean Rumble\Korean Rumble.csproj", "{80448A8E-96D8-41A8-8AA0-9C5791C69A9D}"
EndProject
Project("{FAE04EC0-301F-11D3-BF4B-00C04F79EFBC}") = "Korean ChoGath", "KoreanChoGath\Korean ChoGath.csproj", "{D3BEFCAA-A52B-4D17-AE9A-4A5B8DA44FE1}"
EndProject
Project("{FAE04EC0-301F-11D3-BF4B-00C04F79EFBC}") = "IgniteSharp", "IgniteSharp\IgniteSharp.csproj", "{18DF6A46-9A02-4D0B-A667-BB4FB1C899A2}"
EndProject
Project("{FAE04EC0-301F-11D3-BF4B-00C04F79EFBC}") = "Korean Lucian", "KoreanLucian\Korean Lucian.csproj", "{7535D69D-D8C7-49B2-A4B8-DEB50CB2CFEC}"
EndProject
Project("{FAE04EC0-301F-11D3-BF4B-00C04F79EFBC}") = "Korean Akali", "KoreanAkali\Korean Akali.csproj", "{19082CB8-189B-4802-9427-4CFBF6D2EA69}"
EndProject
Project("{FAE04EC0-301F-11D3-BF4B-00C04F79EFBC}") = "Korean Vladimir", "KoreanVladimir\Korean Vladimir.csproj", "{F5A8BA06-4D32-4903-8855-850AF45087D7}"
EndProject
Project("{FAE04EC0-301F-11D3-BF4B-00C04F79EFBC}") = "KoreanOrbwalker", "KoreanOrbwalker\KoreanOrbwalker.csproj", "{9E750D45-53DF-4FB9-A373-06A47307E556}"
EndProject
Global
	GlobalSection(SolutionConfigurationPlatforms) = preSolution
		Debug|Any CPU = Debug|Any CPU
		Release|Any CPU = Release|Any CPU
	EndGlobalSection
	GlobalSection(ProjectConfigurationPlatforms) = postSolution
		{C7FB967D-C6A2-424B-9010-869FC37A9A48}.Debug|Any CPU.ActiveCfg = Debug|Any CPU
		{C7FB967D-C6A2-424B-9010-869FC37A9A48}.Debug|Any CPU.Build.0 = Debug|Any CPU
		{C7FB967D-C6A2-424B-9010-869FC37A9A48}.Release|Any CPU.ActiveCfg = Release|Any CPU
		{C7FB967D-C6A2-424B-9010-869FC37A9A48}.Release|Any CPU.Build.0 = Release|Any CPU
		{C95719D6-FB10-472E-BD9C-47E2CF5CFB66}.Debug|Any CPU.ActiveCfg = Debug|Any CPU
		{C95719D6-FB10-472E-BD9C-47E2CF5CFB66}.Debug|Any CPU.Build.0 = Debug|Any CPU
		{C95719D6-FB10-472E-BD9C-47E2CF5CFB66}.Release|Any CPU.ActiveCfg = Release|Any CPU
		{C95719D6-FB10-472E-BD9C-47E2CF5CFB66}.Release|Any CPU.Build.0 = Release|Any CPU
		{80448A8E-96D8-41A8-8AA0-9C5791C69A9D}.Debug|Any CPU.ActiveCfg = Debug|Any CPU
		{80448A8E-96D8-41A8-8AA0-9C5791C69A9D}.Debug|Any CPU.Build.0 = Debug|Any CPU
		{80448A8E-96D8-41A8-8AA0-9C5791C69A9D}.Release|Any CPU.ActiveCfg = Release|Any CPU
		{80448A8E-96D8-41A8-8AA0-9C5791C69A9D}.Release|Any CPU.Build.0 = Release|Any CPU
		{D3BEFCAA-A52B-4D17-AE9A-4A5B8DA44FE1}.Debug|Any CPU.ActiveCfg = Debug|Any CPU
		{D3BEFCAA-A52B-4D17-AE9A-4A5B8DA44FE1}.Debug|Any CPU.Build.0 = Debug|Any CPU
		{D3BEFCAA-A52B-4D17-AE9A-4A5B8DA44FE1}.Release|Any CPU.ActiveCfg = Release|Any CPU
		{D3BEFCAA-A52B-4D17-AE9A-4A5B8DA44FE1}.Release|Any CPU.Build.0 = Release|Any CPU
		{18DF6A46-9A02-4D0B-A667-BB4FB1C899A2}.Debug|Any CPU.ActiveCfg = Debug|Any CPU
		{18DF6A46-9A02-4D0B-A667-BB4FB1C899A2}.Debug|Any CPU.Build.0 = Debug|Any CPU
		{18DF6A46-9A02-4D0B-A667-BB4FB1C899A2}.Release|Any CPU.ActiveCfg = Release|Any CPU
		{18DF6A46-9A02-4D0B-A667-BB4FB1C899A2}.Release|Any CPU.Build.0 = Release|Any CPU
		{7535D69D-D8C7-49B2-A4B8-DEB50CB2CFEC}.Debug|Any CPU.ActiveCfg = Debug|Any CPU
		{7535D69D-D8C7-49B2-A4B8-DEB50CB2CFEC}.Debug|Any CPU.Build.0 = Debug|Any CPU
		{7535D69D-D8C7-49B2-A4B8-DEB50CB2CFEC}.Release|Any CPU.ActiveCfg = Release|Any CPU
		{7535D69D-D8C7-49B2-A4B8-DEB50CB2CFEC}.Release|Any CPU.Build.0 = Release|Any CPU
		{19082CB8-189B-4802-9427-4CFBF6D2EA69}.Debug|Any CPU.ActiveCfg = Debug|Any CPU
		{19082CB8-189B-4802-9427-4CFBF6D2EA69}.Debug|Any CPU.Build.0 = Debug|Any CPU
		{19082CB8-189B-4802-9427-4CFBF6D2EA69}.Release|Any CPU.ActiveCfg = Release|Any CPU
		{19082CB8-189B-4802-9427-4CFBF6D2EA69}.Release|Any CPU.Build.0 = Release|Any CPU
		{F5A8BA06-4D32-4903-8855-850AF45087D7}.Debug|Any CPU.ActiveCfg = Debug|Any CPU
		{F5A8BA06-4D32-4903-8855-850AF45087D7}.Debug|Any CPU.Build.0 = Debug|Any CPU
		{F5A8BA06-4D32-4903-8855-850AF45087D7}.Release|Any CPU.ActiveCfg = Release|Any CPU
		{F5A8BA06-4D32-4903-8855-850AF45087D7}.Release|Any CPU.Build.0 = Release|Any CPU
		{9E750D45-53DF-4FB9-A373-06A47307E556}.Debug|Any CPU.ActiveCfg = Debug|Any CPU
		{9E750D45-53DF-4FB9-A373-06A47307E556}.Debug|Any CPU.Build.0 = Debug|Any CPU
		{9E750D45-53DF-4FB9-A373-06A47307E556}.Release|Any CPU.ActiveCfg = Release|Any CPU
		{9E750D45-53DF-4FB9-A373-06A47307E556}.Release|Any CPU.Build.0 = Release|Any CPU
	EndGlobalSection
	GlobalSection(SolutionProperties) = preSolution
		HideSolutionNode = FALSE
	EndGlobalSection
EndGlobal
